<?xml version="1.0" encoding="UTF-8" standalone="yes" ?>
<CodeBlocks_project_file>
	<FileVersion major="1" minor="6" />
	<Project>
		<Option title="serial2mqtt" />
		<Option pch_mode="2" />
		<Option compiler="gcc" />
		<Build>
			<Target title="Debug">
				<Option output="bin/Debug/serial2mqtt" prefix_auto="1" extension_auto="1" />
				<Option object_output="obj/Debug/" />
				<Option type="1" />
				<Option compiler="gcc" />
				<Option parameters="-d /dev/rfcomm2" />
				<Compiler>
					<Add option="-std=c++11" />
					<Add option="-g" />
					<Add option="-D__linux__" />
					<Add directory="../Common/inc" />
					<Add directory="inc" />
					<Add directory="../paho/src" />
				</Compiler>
				<Linker>
					<Add option="-lpthread" />
					<Add option="-Wl,-rpath,../paho/bin/output" />
					<Add library="../paho/build/output/libpaho-mqtt3a.so" />
					<Add library="../Common/bin/Debug/libCommon.a" />
					<Add directory="../paho/build/output" />
				</Linker>
			</Target>
			<Target title="Release">
				<Option output="bin/Release/serial2mqtt" prefix_auto="1" extension_auto="1" />
				<Option object_output="obj/Release/" />
				<Option type="1" />
				<Option compiler="gcc" />
				<Compiler>
					<Add option="-O2" />
				</Compiler>
				<Linker>
					<Add option="-s" />
				</Linker>
			</Target>
		</Build>
		<Compiler>
			<Add option="-Wall" />
			<Add option="-fexceptions" />
		</Compiler>
		<Unit filename="inc/Hash.h" />
		<Unit filename="inc/MqttClient.h" />
		<Unit filename="inc/Serial.h" />
		<Unit filename="inc/Tcp.h" />
		<Unit filename="inc/hash_func.h" />
		<Unit filename="inc/keys.h" />
		<Unit filename="src/MqttClient.cpp" />
		<Unit filename="src/Serial.cpp" />
		<Unit filename="src/Sys.cpp" />
		<Unit filename="src/Tcp.cpp" />
		<Unit filename="src/keys.cpp" />
		<Unit filename="src/main.cpp" />
		<Extensions>
			<code_completion />
			<debugger>
				<search_path add="../paho/build/output" />
			</debugger>
		</Extensions>
	</Project>
</CodeBlocks_project_file>
